{
    "_meta": {
        "hash": {
            "sha256": "b538c29d310940b9bfe39a614ef812be8b5d42f82800e521656062fd7848a78f"
        },
        "pipfile-spec": 6,
        "requires": {
            "python_version": "3.7"
        },
        "sources": [
            {
                "name": "pypi",
                "url": "https://pypi.tuna.tsinghua.edu.cn/simple",
                "verify_ssl": true
            }
        ]
    },
    "default": {
        "alembic": {
            "hashes": [
                "sha256:828dcaa922155a2b7166c4f36ec45268944e4055c86499bd14319b4c8c0094b7"
            ],
            "index": "pypi",
            "version": "==1.0.10"
        },
        "apscheduler": {
            "hashes": [
                "sha256:b2bea0309569da53a7261bfa0ce19c67ddbfe151bda776a6a907579fdbd3eb2a",
                "sha256:c8c618241dbb2785ed5a687504b14cb1851d6f7b5a4edf3a51e39cc6a069967a"
            ],
            "markers": "python_version not in '3.0, 3.1, 3.2, 3.3, 3.4' and python_version < '4'",
            "version": "==3.9.1.post1"
        },
        "backports.zoneinfo": {
            "hashes": [
                "sha256:17746bd546106fa389c51dbea67c8b7c8f0d14b5526a579ca6ccf5ed72c526cf",
                "sha256:1b13e654a55cd45672cb54ed12148cd33628f672548f373963b0bff67b217328",
                "sha256:1c5742112073a563c81f786e77514969acb58649bcdf6cdf0b4ed31a348d4546",
                "sha256:4a0f800587060bf8880f954dbef70de6c11bbe59c673c3d818921f042f9954a6",
                "sha256:5c144945a7752ca544b4b78c8c41544cdfaf9786f25fe5ffb10e838e19a27570",
                "sha256:7b0a64cda4145548fed9efc10322770f929b944ce5cee6c0dfe0c87bf4c0c8c9",
                "sha256:8439c030a11780786a2002261569bdf362264f605dfa4d65090b64b05c9f79a7",
                "sha256:8961c0f32cd0336fb8e8ead11a1f8cd99ec07145ec2931122faaac1c8f7fd987",
                "sha256:89a48c0d158a3cc3f654da4c2de1ceba85263fafb861b98b59040a5086259722",
                "sha256:a76b38c52400b762e48131494ba26be363491ac4f9a04c1b7e92483d169f6582",
                "sha256:da6013fd84a690242c310d77ddb8441a559e9cb3d3d59ebac9aca1a57b2e18bc",
                "sha256:e55b384612d93be96506932a786bbcde5a2db7a9e6a4bb4bffe8b733f5b9036b",
                "sha256:e81b76cace8eda1fca50e345242ba977f9be6ae3945af8d46326d776b4cf78d1",
                "sha256:e8236383a20872c0cdf5a62b554b27538db7fa1bbec52429d8d106effbaeca08",
                "sha256:f04e857b59d9d1ccc39ce2da1021d196e47234873820cbeaad210724b1ee28ac",
                "sha256:fadbfe37f74051d024037f223b8e001611eac868b5c5b06144ef4d8b799862f2"
            ],
            "markers": "python_version < '3.9'",
            "version": "==0.2.1"
        },
        "blinker": {
            "hashes": [
                "sha256:471aee25f3992bd325afa3772f1063dbdbbca947a041b8b89466dc00d606f8b6"
            ],
            "index": "pypi",
            "version": "==1.4"
        },
        "certifi": {
            "hashes": [
                "sha256:35824b4c3a97115964b408844d64aa14db1cc518f6562e8d7261699d1350a9e3",
                "sha256:4ad3232f5e926d6718ec31cfc1fcadfde020920e278684144551c91769c7bc18"
            ],
            "markers": "python_version >= '3.6'",
            "version": "==2022.12.7"
        },
        "chardet": {
            "hashes": [
                "sha256:84ab92ed1c4d4f16916e05906b6b75a6c0fb5db821cc65e70cbd64a3e2a5eaae",
                "sha256:fc323ffcaeaed0e0a02bf4d117757b98aed530d9ed4531e3e15460124c106691"
            ],
            "version": "==3.0.4"
        },
        "click": {
            "hashes": [
                "sha256:2335065e6395b9e67ca716de5f7526736bfa6ceead690adf616d925bdc622b13",
                "sha256:5b94b49521f6456670fdb30cd82a4eca9412788a93fa6dd6df72c94d5a8ff2d7"
            ],
            "index": "pypi",
            "version": "==7.0"
        },
        "dominate": {
            "hashes": [
                "sha256:520101360892ebf9d0553f67d37e359ff92403d8a1e33814030503088a05da49",
                "sha256:5fe4258614687c6d3de67b0bbd881ed435a93a19742ae187344055db17052402"
            ],
            "markers": "python_version >= '2.7' and python_version not in '3.0, 3.1, 3.2, 3.3'",
            "version": "==2.7.0"
        },
        "flask": {
            "hashes": [
                "sha256:2271c0070dbcb5275fad4a82e29f23ab92682dc45f9dfbc22c02ba9b9322ce48",
                "sha256:a080b744b7e345ccfcbc77954861cb05b3c63786e93f2b3875e0913d44b43f05"
            ],
            "index": "pypi",
            "version": "==1.0.2"
        },
        "flask-apscheduler": {
            "hashes": [
                "sha256:7911d66e449f412d92a1a6c524217f44f4c40a5c92148c60d5189c6c402f87d0"
            ],
            "index": "pypi",
            "version": "==1.11.0"
        },
        "flask-bootstrap": {
            "hashes": [
                "sha256:cb08ed940183f6343a64e465e83b3a3f13c53e1baabb8d72b5da4545ef123ac8"
            ],
            "index": "pypi",
            "version": "==3.3.7.1"
        },
        "flask-cors": {
            "hashes": [
                "sha256:6bcfc100288c5d1bcb1dbb854babd59beee622ffd321e444b05f24d6d58466b8",
                "sha256:cee4480aaee421ed029eaa788f4049e3e26d15b5affb6a880dade6bafad38324"
            ],
            "index": "pypi",
            "version": "==3.0.9"
        },
        "flask-debugtoolbar": {
            "hashes": [
                "sha256:3d9657bc0c3633ace429e3ff451742bb59d1b7a7b95c9eb23a65ac9be2812959",
                "sha256:ec810083123aae0632eb32ba11e1cb4cdace81e7ce6c5009dd06c5204afbce52"
            ],
            "index": "pypi",
            "version": "==0.10.1"
        },
        "flask-login": {
            "hashes": [
                "sha256:c815c1ac7b3e35e2081685e389a665f2c74d7e077cb93cecabaea352da4752ec"
            ],
            "index": "pypi",
            "version": "==0.4.1"
        },
        "flask-mail": {
            "hashes": [
                "sha256:22e5eb9a940bf407bcf30410ecc3708f3c56cc44b29c34e1726fe85006935f41"
            ],
            "index": "pypi",
            "version": "==0.9.1"
        },
        "flask-migrate": {
            "hashes": [
                "sha256:a361578cb829681f860e4de5ed2c48886264512f0c16144e404c36ddc95ab49c",
                "sha256:c24d105c5d6cc670de20f8cbfb909e04f4e04b8784d0df070005944de1f21549"
            ],
            "index": "pypi",
            "version": "==2.4.0"
        },
        "flask-moment": {
            "hashes": [
                "sha256:5ff8a73487e2e11913718b6a972814a130b4aa454198195b2004b71b3a2c07b7",
                "sha256:8379acdc9cda1227573ae52aac2e5b4b391e77ed300c70d49b0a929d0aa76680"
            ],
            "index": "pypi",
            "version": "==0.7.0"
        },
        "flask-script": {
            "hashes": [
                "sha256:6425963d91054cfcc185807141c7314a9c5ad46325911bd24dcb489bd0161c65"
            ],
            "index": "pypi",
            "version": "==2.0.6"
        },
        "flask-sqlalchemy": {
            "hashes": [
                "sha256:0c9609b0d72871c540a7945ea559c8fdf5455192d2db67219509aed680a3d45a",
                "sha256:8631bbea987bc3eb0f72b1f691d47bd37ceb795e73b59ab48586d76d75a7c605"
            ],
            "index": "pypi",
            "version": "==2.4.0"
        },
        "flask-wtf": {
            "hashes": [
                "sha256:5d14d55cfd35f613d99ee7cba0fc3fbbe63ba02f544d349158c14ca15561cc36",
                "sha256:d9a9e366b32dcbb98ef17228e76be15702cd2600675668bca23f63a7947fd5ac"
            ],
            "index": "pypi",
            "version": "==0.14.2"
        },
        "gitdb": {
            "hashes": [
                "sha256:6eb990b69df4e15bad899ea868dc46572c3f75339735663b81de79b06f17eb9a",
                "sha256:c286cf298426064079ed96a9e4a9d39e7f3e9bf15ba60701e95f5492f28415c7"
            ],
            "markers": "python_version >= '3.7'",
            "version": "==4.0.10"
        },
        "gitdb2": {
            "hashes": [
                "sha256:0986cb4003de743f2b3aba4c828edd1ab58ce98e1c4a8acf72ef02760d4beb4e",
                "sha256:a1c974e5fab8c2c90192c1367c81cbc54baec04244bda1816e9c8ab377d1cba3"
            ],
            "version": "==4.0.2"
        },
        "gitpython": {
            "hashes": [
                "sha256:563221e5a44369c6b79172f455584c9ebbb122a13368cc82cb4b5addff788f82",
                "sha256:8237dc5bfd6f1366abeee5624111b9d6879393d84745a507de0fda86043b65a8"
            ],
            "index": "pypi",
            "version": "==2.1.11"
        },
        "idna": {
            "hashes": [
                "sha256:c357b3f628cf53ae2c4c05627ecc484553142ca23264e593d327bcde5e9c3407",
                "sha256:ea8b7f6188e6fa117537c3df7da9fc686d485087abf6ac197f9c46432f7e4a3c"
            ],
            "version": "==2.8"
        },
        "importlib-metadata": {
            "hashes": [
                "sha256:0eafa39ba42bf225fc00e67f701d71f85aead9f878569caf13c3724f704b970f",
                "sha256:404d48d62bba0b7a77ff9d405efd91501bef2e67ff4ace0bed40a0cf28c3c7cd"
            ],
            "markers": "python_version < '3.8'",
            "version": "==5.2.0"
        },
        "itsdangerous": {
            "hashes": [
                "sha256:321b033d07f2a4136d3ec762eac9f16a10ccd60f53c0c91af90217ace7ba1f19",
                "sha256:b12271b2047cb23eeb98c8b5622e2e5c5e9abd9784a153e9d8ef9cb4dd09d749"
            ],
            "index": "pypi",
            "version": "==1.1.0"
        },
        "jinja2": {
            "hashes": [
                "sha256:065c4f02ebe7f7cf559e49ee5a95fb800a9e4528727aec6f24402a5374c65013",
                "sha256:14dd6caf1527abb21f08f86c784eac40853ba93edb79552aa1e4b8aef1b61c7b"
            ],
            "index": "pypi",
            "version": "==2.10.1"
        },
        "mako": {
            "hashes": [
                "sha256:3724869b363ba630a272a5f89f68c070352137b8fd1757650017b7e06fda163f",
                "sha256:8efcb8004681b5f71d09c983ad5a9e6f5c40601a6ec469148753292abc0da534"
            ],
            "index": "pypi",
            "version": "==1.2.2"
        },
        "markupsafe": {
            "hashes": [
                "sha256:00bc623926325b26bb9605ae9eae8a215691f33cae5df11ca5424f06f2d1f473",
                "sha256:09027a7803a62ca78792ad89403b1b7a73a01c8cb65909cd876f7fcebd79b161",
                "sha256:09c4b7f37d6c648cb13f9230d847adf22f8171b1ccc4d5682398e77f40309235",
                "sha256:1027c282dad077d0bae18be6794e6b6b8c91d58ed8a8d89a89d59693b9131db5",
                "sha256:13d3144e1e340870b25e7b10b98d779608c02016d5184cfb9927a9f10c689f42",
                "sha256:195d7d2c4fbb0ee8139a6cf67194f3973a6b3042d742ebe0a9ed36d8b6f0c07f",
                "sha256:22c178a091fc6630d0d045bdb5992d2dfe14e3259760e713c490da5323866c39",
                "sha256:24982cc2533820871eba85ba648cd53d8623687ff11cbb805be4ff7b4c971aff",
                "sha256:29872e92839765e546828bb7754a68c418d927cd064fd4708fab9fe9c8bb116b",
                "sha256:2beec1e0de6924ea551859edb9e7679da6e4870d32cb766240ce17e0a0ba2014",
                "sha256:3b8a6499709d29c2e2399569d96719a1b21dcd94410a586a18526b143ec8470f",
                "sha256:43a55c2930bbc139570ac2452adf3d70cdbb3cfe5912c71cdce1c2c6bbd9c5d1",
                "sha256:46c99d2de99945ec5cb54f23c8cd5689f6d7177305ebff350a58ce5f8de1669e",
                "sha256:500d4957e52ddc3351cabf489e79c91c17f6e0899158447047588650b5e69183",
                "sha256:535f6fc4d397c1563d08b88e485c3496cf5784e927af890fb3c3aac7f933ec66",
                "sha256:596510de112c685489095da617b5bcbbac7dd6384aeebeda4df6025d0256a81b",
                "sha256:62fe6c95e3ec8a7fad637b7f3d372c15ec1caa01ab47926cfdf7a75b40e0eac1",
                "sha256:6788b695d50a51edb699cb55e35487e430fa21f1ed838122d722e0ff0ac5ba15",
                "sha256:6dd73240d2af64df90aa7c4e7481e23825ea70af4b4922f8ede5b9e35f78a3b1",
                "sha256:6f1e273a344928347c1290119b493a1f0303c52f5a5eae5f16d74f48c15d4a85",
                "sha256:6fffc775d90dcc9aed1b89219549b329a9250d918fd0b8fa8d93d154918422e1",
                "sha256:717ba8fe3ae9cc0006d7c451f0bb265ee07739daf76355d06366154ee68d221e",
                "sha256:79855e1c5b8da654cf486b830bd42c06e8780cea587384cf6545b7d9ac013a0b",
                "sha256:7c1699dfe0cf8ff607dbdcc1e9b9af1755371f92a68f706051cc8c37d447c905",
                "sha256:7fed13866cf14bba33e7176717346713881f56d9d2bcebab207f7a036f41b850",
                "sha256:84dee80c15f1b560d55bcfe6d47b27d070b4681c699c572af2e3c7cc90a3b8e0",
                "sha256:88e5fcfb52ee7b911e8bb6d6aa2fd21fbecc674eadd44118a9cc3863f938e735",
                "sha256:8defac2f2ccd6805ebf65f5eeb132adcf2ab57aa11fdf4c0dd5169a004710e7d",
                "sha256:98bae9582248d6cf62321dcb52aaf5d9adf0bad3b40582925ef7c7f0ed85fceb",
                "sha256:98c7086708b163d425c67c7a91bad6e466bb99d797aa64f965e9d25c12111a5e",
                "sha256:9add70b36c5666a2ed02b43b335fe19002ee5235efd4b8a89bfcf9005bebac0d",
                "sha256:9bf40443012702a1d2070043cb6291650a0841ece432556f784f004937f0f32c",
                "sha256:a6a744282b7718a2a62d2ed9d993cad6f5f585605ad352c11de459f4108df0a1",
                "sha256:acf08ac40292838b3cbbb06cfe9b2cb9ec78fce8baca31ddb87aaac2e2dc3bc2",
                "sha256:ade5e387d2ad0d7ebf59146cc00c8044acbd863725f887353a10df825fc8ae21",
                "sha256:b00c1de48212e4cc9603895652c5c410df699856a2853135b3967591e4beebc2",
                "sha256:b1282f8c00509d99fef04d8ba936b156d419be841854fe901d8ae224c59f0be5",
                "sha256:b1dba4527182c95a0db8b6060cc98ac49b9e2f5e64320e2b56e47cb2831978c7",
                "sha256:b2051432115498d3562c084a49bba65d97cf251f5a331c64a12ee7e04dacc51b",
                "sha256:b7d644ddb4dbd407d31ffb699f1d140bc35478da613b441c582aeb7c43838dd8",
                "sha256:ba59edeaa2fc6114428f1637ffff42da1e311e29382d81b339c1817d37ec93c6",
                "sha256:bf5aa3cbcfdf57fa2ee9cd1822c862ef23037f5c832ad09cfea57fa846dec193",
                "sha256:c8716a48d94b06bb3b2524c2b77e055fb313aeb4ea620c8dd03a105574ba704f",
                "sha256:caabedc8323f1e93231b52fc32bdcde6db817623d33e100708d9a68e1f53b26b",
                "sha256:cd5df75523866410809ca100dc9681e301e3c27567cf498077e8551b6d20e42f",
                "sha256:cdb132fc825c38e1aeec2c8aa9338310d29d337bebbd7baa06889d09a60a1fa2",
                "sha256:d53bc011414228441014aa71dbec320c66468c1030aae3a6e29778a3382d96e5",
                "sha256:d73a845f227b0bfe8a7455ee623525ee656a9e2e749e4742706d80a6065d5e2c",
                "sha256:d9be0ba6c527163cbed5e0857c451fcd092ce83947944d6c14bc95441203f032",
                "sha256:e249096428b3ae81b08327a63a485ad0878de3fb939049038579ac0ef61e17e7",
                "sha256:e8313f01ba26fbbe36c7be1966a7b7424942f670f38e666995b88d012765b9be",
                "sha256:feb7b34d6325451ef96bc0e36e1a6c0c1c64bc1fbec4b854f4529e51887b1621"
            ],
            "index": "pypi",
            "version": "==1.1.1"
        },
        "pymongo": {
            "hashes": [
                "sha256:32421df60d06f479d71b6b539642e410ece3006e8910688e68df962c8eb40a21",
                "sha256:324b22a8443e11faca44c96b20e7ec8a9e59a1e664457edeeb4f796080b31cde",
                "sha256:4505ff8b7923dd7a8bed1bf25c9c4d0df5ab0b8b2821f2296533f2149a55f401",
                "sha256:460b224681ea711e48e3638d15be2249024031b7dcb9622ba19c2e85bd5a26cc",
                "sha256:47473b70c5f3cd5ddd2c49ab3b9ceafdafbbed5bc963f147df22a9343d7978f5",
                "sha256:49375839af76834e9c5c3cc78c78386873fd0b2ad9a0860a7dc4ec9fe73af9dd",
                "sha256:4a65f0f71ece86c860d30a1436b646db8ea32aec518845ef2903ca569faec32e",
                "sha256:530621906c5dd6d27305b39c4e017701e5f4299aa68b93cde70eb985f94ca26f",
                "sha256:54f4770b5810e8dc3cbeed675874195f02bb2bc4e95a9d665068edfb3baff4f7",
                "sha256:5ed9382410e938b0ff76041c34018210504729a83bcf4f6a70c7092c28169f6f",
                "sha256:61cad83637ae12c1c825130d7f9325cd6c162e3a64e8747a8144866020be3ff4",
                "sha256:61e8e1c58b4fdf47ab79b7c7db8bb022c1e40b3b5fcbbaeea5fc94dc5c75638d",
                "sha256:6e04e496af7d156b66cce70460011c621ecbadf5dcdce325c7acbb3cd6ea245d",
                "sha256:7ef89ec435e89da902451dde6845066fe2770befaf0301fe2a1ac426b51fced3",
                "sha256:854e8425e5eb775ccfffad04ecd094c99923d60a2c2d49babb5c435e836a91fa",
                "sha256:9569796d48498e4db4e1d56284b626a8ed15f641ce3a8b2085f06bb03f4c2c88",
                "sha256:9d50c99c6388863cbfdc5db9bad62e3a7c2e5fc151554a07c7f3c2530334a34f",
                "sha256:9ea016c2c011df21f77c1f806ce45129a344ba2d414bd50f9e065b13a4a134be",
                "sha256:a8421f0823174888fb12a5fa675322e756499d71e77ff712b4412d4b8f3c6503",
                "sha256:aef7d88384ada699976350a285c7a333f96ebc959e98e7d2c98589f47bbf3b7f",
                "sha256:b4d7ff9957ee770cf03bd7156a68a2f2e838e60712d9608eadc8741c15d01e72",
                "sha256:c1db85c39e6a60588f855dbc7bd68fb0dab796096148ab5aa4abecaff19e1c6e",
                "sha256:cee2fc0b94e66e7230da12fc4b3d34793c49957e16ee04f6468a94e264a1e41d",
                "sha256:cf1dea28379a16b23e47db312883f07b3ba8d9d6abc1c59e51d4c8ae1820ab43",
                "sha256:d1cd175df7c8b5fc976bade78bf4d9fb5aa7ab465c0f59931e380bbe188ef8fc",
                "sha256:d48a94edf3cdd34524936a72ea01b352682b337f33a42db10ba29a96c37147d3",
                "sha256:d9cc103a4e97f78bc77a1d72759ab3722f6cdf0374ad4fb4b0c53bd3238bdf98",
                "sha256:fcb9ae8aa9158106c5d98a4349ec0d90b68f052d620b2d24622ba03b91e4d81d"
            ],
            "index": "pypi",
            "version": "==3.8.0"
        },
        "pymysql": {
            "hashes": [
                "sha256:3943fbbbc1e902f41daf7f9165519f140c4451c179380677e6a848587042561a",
                "sha256:d8c059dcd81dedb85a9f034d5e22dcb4442c0b201908bede99e306d65ea7c8e7"
            ],
            "index": "pypi",
            "version": "==0.9.3"
        },
        "python-dateutil": {
            "hashes": [
                "sha256:0123cacc1627ae19ddf3c27a5de5bd67ee4586fbdd6440d9748f8abb483d3e86",
                "sha256:961d03dc3453ebbc59dbdea9e4e11c5651520a876d0f4db161e8674aae935da9"
            ],
            "markers": "python_version >= '2.7' and python_version not in '3.0, 3.1, 3.2, 3.3'",
            "version": "==2.8.2"
        },
        "python-dotenv": {
            "hashes": [
                "sha256:156f218846bd90e0d537915545cde4a987947c2cecc628b50f9955fdde72534a",
                "sha256:6640acd76e6cab84648e4fec16c9d19de6700971f9d91d045e7120622167bfda"
            ],
            "index": "pypi",
            "version": "==0.10.2"
        },
        "python-editor": {
            "hashes": [
                "sha256:1bf6e860a8ad52a14c3ee1252d5dc25b2030618ed80c022598f00176adc8367d",
                "sha256:51fda6bcc5ddbbb7063b2af7509e43bd84bfc32a4ff71349ec7847713882327b",
                "sha256:5f98b069316ea1c2ed3f67e7f5df6c0d8f10b689964a4a811ff64f0106819ec8"
            ],
            "index": "pypi",
            "version": "==1.0.4"
        },
        "pytz": {
            "hashes": [
                "sha256:7ccfae7b4b2c067464a6733c6261673fdb8fd1be905460396b97a073e9fa683a",
                "sha256:93007def75ae22f7cd991c84e02d434876818661f8df9ad5df9e950ff4e52cfd"
            ],
            "version": "==2022.7"
        },
        "pytz-deprecation-shim": {
            "hashes": [
                "sha256:8314c9692a636c8eb3bda879b9f119e350e93223ae83e70e80c31675a0fdc1a6",
                "sha256:af097bae1b616dde5c5744441e2ddc69e74dfdcb0c263129610d85b87445a59d"
            ],
            "markers": "python_version >= '2.7' and python_version not in '3.0, 3.1, 3.2, 3.3, 3.4, 3.5'",
            "version": "==0.1.0.post0"
        },
        "redis": {
            "hashes": [
                "sha256:8a1900a9f2a0a44ecf6e8b5eb3e967a9909dfed219ad66df094f27f7d6f330fb",
                "sha256:a22ca993cea2962dbb588f9f30d0015ac4afcc45bee27d3978c0dbe9e97c6c0f"
            ],
            "index": "pypi",
            "version": "==2.10.6"
        },
        "requests": {
            "hashes": [
                "sha256:502a824f31acdacb3a35b6690b5fbf0bc41d63a24a45c4004352b0242707598e",
                "sha256:7bf2a778576d825600030a110f3c0e3e8edc51dfaafe1c146e39a2027784957b"
            ],
            "index": "pypi",
            "version": "==2.21.0"
        },
        "setuptools": {
            "hashes": [
                "sha256:d0b9a8433464d5800cbe05094acf5c6d52a91bfac9b52bcfc4d41382be5d5d31",
                "sha256:e197a19aa8ec9722928f2206f8de752def0e4c9fc6953527360d1c36d94ddb2f"
            ],
            "index": "pypi",
            "version": "==65.5.1"
        },
        "six": {
            "hashes": [
                "sha256:1e61c37477a1626458e36f7b1d82aa5c9b094fa4802892072e49de9c60c4c926",
                "sha256:8abb2f1d86890a2dfb989f9a77cfcfd3e47c2a354b01111771326f8aa26e0254"
            ],
            "markers": "python_version >= '2.7' and python_version not in '3.0, 3.1, 3.2, 3.3'",
            "version": "==1.16.0"
        },
        "smmap": {
            "hashes": [
                "sha256:2aba19d6a040e78d8b09de5c57e96207b09ed71d8e55ce0959eeee6c8e190d94",
                "sha256:c840e62059cd3be204b0c9c9f74be2c09d5648eddd4580d9314c3ecde0b30936"
            ],
            "markers": "python_version >= '3.6'",
            "version": "==5.0.0"
        },
        "sqlalchemy": {
            "hashes": [
                "sha256:91c54ca8345008fceaec987e10924bf07dcab36c442925357e5a467b36a38319"
            ],
            "index": "pypi",
            "version": "==1.3.3"
        },
        "typing-extensions": {
            "hashes": [
                "sha256:1511434bb92bf8dd198c12b1cc812e800d4181cfcb867674e0f8279cc93087aa",
                "sha256:16fa4864408f655d35ec496218b85f79b3437c829e93320c7c9215ccfd92489e"
            ],
            "markers": "python_version < '3.8'",
            "version": "==4.4.0"
        },
        "tzdata": {
            "hashes": [
                "sha256:2b88858b0e3120792a3c0635c23daf36a7d7eeeca657c323da299d2094402a0d",
                "sha256:fe5f866eddd8b96e9fcba978f8e503c909b19ea7efda11e52e39494bad3a7bfa"
            ],
            "markers": "python_version >= '3.6'",
            "version": "==2022.7"
        },
        "tzlocal": {
            "hashes": [
                "sha256:89885494684c929d9191c57aa27502afc87a579be5cdd3225c77c463ea043745",
                "sha256:ee5842fa3a795f023514ac2d801c4a81d1743bbe642e3940143326b3a00addd7"
            ],
            "markers": "python_version >= '3.6'",
            "version": "==4.2"
        },
        "urllib3": {
            "hashes": [
                "sha256:2393a695cd12afedd0dcb26fe5d50d0cf248e5a66f75dbd89a3d4eb333a61af4",
                "sha256:a637e5fae88995b256e3409dc4d52c2e2e0ba32c42a6365fee8bbd2238de3cfb"
            ],
            "index": "pypi",
            "version": "==1.24.3"
        },
        "visitor": {
            "hashes": [
                "sha256:2c737903b2b6864ebc6167eef7cf3b997126f1aa94bdf590f90f1436d23e480a"
            ],
            "version": "==0.1.3"
        },
        "werkzeug": {
            "hashes": [
                "sha256:97660b282aa7e29f94f3fe378e5c7162d7ab9d601a8dbb1cbb2ffc8f0e54607d",
                "sha256:cfd1281b1748288e59762c0e174d64d8bcb2b70e7c57bc4a1203c8825af24ac3"
            ],
            "index": "pypi",
            "version": "==0.15.3"
        },
        "wtforms": {
            "hashes": [
                "sha256:0cdbac3e7f6878086c334aa25dc5a33869a3954e9d1e015130d65a69309b3b61",
                "sha256:e3ee092c827582c50877cdbd49e9ce6d2c5c1f6561f849b3b068c1b8029626f1"
            ],
            "index": "pypi",
            "version": "==2.2.1"
        },
        "zipp": {
            "hashes": [
                "sha256:83a28fcb75844b5c0cdaf5aa4003c2d728c77e05f5aeabe8e95e56727005fbaa",
                "sha256:a7a22e05929290a67401440b39690ae6563279bced5f314609d9d03798f56766"
            ],
            "markers": "python_version >= '3.7'",
            "version": "==3.11.0"
        }
    },
    "develop": {}
}
